
Microsoft Visual Studio Solution File, Format Version 12.00
# Visual Studio 15
VisualStudioVersion = 15.0.28306.52
MinimumVisualStudioVersion = 10.0.40219.1
Project("{888888A0-9F3D-457C-B088-3A5042F75D52}") = "StockScreenerSite", "StockScreenerSite\StockScreenerSite.pyproj", "{13C72EFA-8405-411B-9329-E44BCF499143}"
EndProject
Global
	GlobalSection(SolutionConfigurationPlatforms) = preSolution
		Debug|Any CPU = Debug|Any CPU
		Release|Any CPU = Release|Any CPU
	EndGlobalSection
	GlobalSection(ProjectConfigurationPlatforms) = postSolution
		{13C72EFA-8405-411B-9329-E44BCF499143}.Debug|Any CPU.ActiveCfg = Debug|Any CPU
		{13C72EFA-8405-411B-9329-E44BCF499143}.Debug|Any CPU.Build.0 = Debug|Any CPU
		{13C72EFA-8405-411B-9329-E44BCF499143}.Release|Any CPU.ActiveCfg = Release|Any CPU
		{13C72EFA-8405-411B-9329-E44BCF499143}.Release|Any CPU.Build.0 = Release|Any CPU
	EndGlobalSection
	GlobalSection(SolutionProperties) = preSolution
		HideSolutionNode = FALSE
	EndGlobalSection
	GlobalSection(ExtensibilityGlobals) = postSolution
		SolutionGuid = {306FB1D2-2491-40D4-8ADF-9075A1E125F5}
	EndGlobalSection
EndGlobal
